<?xml version="1.0" encoding="utf-8"?>
<Project ToolsVersion="4.0" xmlns="http://schemas.microsoft.com/developer/msbuild/2003">
  <ItemGroup>
    <Filter Include="include">
      <UniqueIdentifier>{f4cec9d5-80f3-457e-bb93-b3d160314a1b}</UniqueIdentifier>
    </Filter>
    <Filter Include="src">
      <UniqueIdentifier>{8ce6ab40-5b02-45ea-8ec5-25e8c9a2d46f}</UniqueIdentifier>
    </Filter>
    <Filter Include="kernel">
      <UniqueIdentifier>{7b12c89e-625d-415b-b3d8-80dcb50201f7}</UniqueIdentifier>
    </Filter>
  </ItemGroup>
  <ItemGroup>
    <ClInclude Include="include\KaminoGPU.h">
      <Filter>include</Filter>
    </ClInclude>
    <ClInclude Include="include\KaminoQuantity.h">
      <Filter>include</Filter>
    </ClInclude>
    <ClInclude Include="include\KaminoSolver.h">
      <Filter>include</Filter>
    </ClInclude>
    <ClInclude Include="include\KaminoHeader.h">
      <Filter>include</Filter>
    </ClInclude>
  </ItemGroup>
  <ItemGroup>
    <ClCompile Include="src\CubicSolver.cpp">
      <Filter>src</Filter>
    </ClCompile>
    <ClCompile Include="src\Kamino.cpp">
      <Filter>src</Filter>
    </ClCompile>
    <ClCompile Include="src\KaminoFFT.cpp">
      <Filter>src</Filter>
    </ClCompile>
    <ClCompile Include="src\KaminoInit.cpp">
      <Filter>src</Filter>
    </ClCompile>
    <ClCompile Include="src\KaminoParticles.cpp">
      <Filter>src</Filter>
    </ClCompile>
    <ClCompile Include="src\KaminoProjection.cpp">
      <Filter>src</Filter>
    </ClCompile>
    <ClCompile Include="main.cpp" />
  </ItemGroup>
  <ItemGroup>
    <CudaCompile Include="kernel\tdm.cu">
      <Filter>kernel</Filter>
    </CudaCompile>
    <CudaCompile Include="kernel\simpleCUFFT.cu">
      <Filter>kernel</Filter>
    </CudaCompile>
    <CudaCompile Include="kernel\KaminoAdvection.cu">
      <Filter>kernel</Filter>
    </CudaCompile>
    <CudaCompile Include="kernel\KaminoProjection.cu">
      <Filter>kernel</Filter>
    </CudaCompile>
    <CudaCompile Include="kernel\KaminoQuantity.cu">
      <Filter>kernel</Filter>
    </CudaCompile>
    <CudaCompile Include="kernel\KaminoSolver.cu">
      <Filter>kernel</Filter>
    </CudaCompile>
    <CudaCompile Include="kernel\KaminoGeometric.cu">
      <Filter>kernel</Filter>
    </CudaCompile>
    <CudaCompile Include="KaminoProjection.cu">
      <Filter>kernel</Filter>
    </CudaCompile>
  </ItemGroup>
</Project>